
Microsoft Visual Studio Solution File, Format Version 12.00
# Visual Studio 14
VisualStudioVersion = 14.0.24720.0
MinimumVisualStudioVersion = 10.0.40219.1
Project("{FAE04EC0-301F-11D3-BF4B-00C04F79EFBC}") = "AniClubWeb", "AniClubWeb\AniClubWeb.csproj", "{2853AFD3-E2AC-4431-A562-08E958C68579}"
EndProject
Global
	GlobalSection(SolutionConfigurationPlatforms) = preSolution
		Debug|Any CPU = Debug|Any CPU
		Release|Any CPU = Release|Any CPU
	EndGlobalSection
	GlobalSection(ProjectConfigurationPlatforms) = postSolution
		{2853AFD3-E2AC-4431-A562-08E958C68579}.Debug|Any CPU.ActiveCfg = Debug|Any CPU
		{2853AFD3-E2AC-4431-A562-08E958C68579}.Debug|Any CPU.Build.0 = Debug|Any CPU
		{2853AFD3-E2AC-4431-A562-08E958C68579}.Release|Any CPU.ActiveCfg = Release|Any CPU
		{2853AFD3-E2AC-4431-A562-08E958C68579}.Release|Any CPU.Build.0 = Release|Any CPU
	EndGlobalSection
	GlobalSection(SolutionProperties) = preSolution
		HideSolutionNode = FALSE
	EndGlobalSection
EndGlobal
